{
    "_readme": [
        "This file locks the dependencies of your project to a known state",
        "Read more about it at https://getcomposer.org/doc/01-basic-usage.md#installing-dependencies",
        "This file is @generated automatically"
    ],
    "content-hash": "d0bc01a5ceacbfa8cf85f0bea576aa8c",
    "packages": [
        {
            "name": "mikehaertl/php-shellcommand",
            "version": "1.6.2",
            "source": {
                "type": "git",
                "url": "https://github.com/mikehaertl/php-shellcommand.git",
                "reference": "06d6220c77c4632b639f4855f76026c59bceb8aa"
            },
            "dist": {
                "type": "zip",
                "url": "https://api.github.com/repos/mikehaertl/php-shellcommand/zipball/06d6220c77c4632b639f4855f76026c59bceb8aa",
                "reference": "06d6220c77c4632b639f4855f76026c59bceb8aa",
                "shasum": ""
            },
            "require": {
                "php": ">= 5.4.0"
            },
            "require-dev": {
                "phpunit/phpunit": ">4.0 <8"
            },
            "type": "library",
            "autoload": {
                "psr-4": {
                    "mikehaertl\\shellcommand\\": "src/"
                }
            },
            "notification-url": "https://packagist.org/downloads/",
            "license": [
                "MIT"
            ],
            "authors": [
                {
                    "name": "Michael Härtl",
                    "email": "haertl.mike@gmail.com"
                }
            ],
            "description": "An object oriented interface to shell commands",
            "keywords": [
                "shell"
            ],
            "time": "2020-08-30T09:56:40+00:00"
        },
        {
            "name": "mikehaertl/php-tmpfile",
            "version": "1.1.6",
            "source": {
                "type": "git",
                "url": "https://github.com/mikehaertl/php-tmpfile.git",
                "reference": "20a1879033d6b044cfba5dfcf55cbb418249d0ec"
            },
            "dist": {
                "type": "zip",
                "url": "https://api.github.com/repos/mikehaertl/php-tmpfile/zipball/20a1879033d6b044cfba5dfcf55cbb418249d0ec",
                "reference": "20a1879033d6b044cfba5dfcf55cbb418249d0ec",
                "shasum": ""
            },
            "require-dev": {
                "phpunit/phpunit": ">4.0 <8"
            },
            "type": "library",
            "autoload": {
                "psr-4": {
                    "mikehaertl\\tmp\\": "src/"
                }
            },
            "notification-url": "https://packagist.org/downloads/",
            "license": [
                "MIT"
            ],
            "authors": [
                {
                    "name": "Michael Härtl",
                    "email": "haertl.mike@gmail.com"
                }
            ],
            "description": "A convenience class for temporary files",
            "keywords": [
                "files"
            ],
            "time": "2020-08-30T09:54:54+00:00"
        },
        {
            "name": "mikehaertl/phpwkhtmltopdf",
            "version": "2.4.2",
            "source": {
                "type": "git",
                "url": "https://github.com/mikehaertl/phpwkhtmltopdf.git",
                "reference": "0e97c2e1eec918fbcd13f5b4b6c9fa476f99e9db"
            },
            "dist": {
                "type": "zip",
                "url": "https://api.github.com/repos/mikehaertl/phpwkhtmltopdf/zipball/0e97c2e1eec918fbcd13f5b4b6c9fa476f99e9db",
                "reference": "0e97c2e1eec918fbcd13f5b4b6c9fa476f99e9db",
                "shasum": ""
            },
            "require": {
                "mikehaertl/php-shellcommand": "^1.5.0",
                "mikehaertl/php-tmpfile": "^1.1.0",
                "php": ">=5.0.0"
            },
            "require-dev": {
                "phpunit/phpunit": ">4.0 <8"
            },
            "type": "library",
            "autoload": {
                "psr-4": {
                    "mikehaertl\\wkhtmlto\\": "src"
                }
            },
            "notification-url": "https://packagist.org/downloads/",
            "license": [
                "MIT"
            ],
            "authors": [
                {
                    "name": "Michael Haertl",
                    "email": "haertl.mike@gmail.com"
                }
            ],
            "description": "A slim PHP wrapper around wkhtmltopdf with an easy to use and clean OOP interface",
            "homepage": "http://mikehaertl.github.com/phpwkhtmltopdf/",
            "keywords": [
                "pdf",
                "wkhtmltoimage",
                "wkhtmltopdf"
            ],
            "time": "2020-01-07T07:47:15+00:00"
        }
    ],
    "packages-dev": [],
    "aliases": [],
    "minimum-stability": "stable",
    "stability-flags": [],
    "prefer-stable": false,
    "prefer-lowest": false,
    "platform": {
        "php": ">=7.2"
    },
    "platform-dev": []
}
